// !$*UTF8*$!
{
	archiveVersion = 1;
	classes = {
	};
	objectVersion = 55;
	objects = {

/* Begin PBXBuildFile section */
		192D02B327C0E18C0072C2C8 /* libPipeWrench.a in Frameworks */ = {isa = PBXBuildFile; fileRef = 192D02AB27C0E12B0072C2C8 /* libPipeWrench.a */; };
		192D02B427C0E1900072C2C8 /* libPipeWrench.a in Frameworks */ = {isa = PBXBuildFile; fileRef = 192D02AB27C0E12B0072C2C8 /* libPipeWrench.a */; };
		19EC944327C0DE580001D620 /* AppDelegate.swift in Sources */ = {isa = PBXBuildFile; fileRef = 19EC944227C0DE580001D620 /* AppDelegate.swift */; };
		19EC944A27C0DE580001D620 /* Main.storyboard in Resources */ = {isa = PBXBuildFile; fileRef = 19EC944827C0DE580001D620 /* Main.storyboard */; };
		19EC944C27C0DE590001D620 /* Assets.xcassets in Resources */ = {isa = PBXBuildFile; fileRef = 19EC944B27C0DE590001D620 /* Assets.xcassets */; };
		19EC944F27C0DE590001D620 /* LaunchScreen.storyboard in Resources */ = {isa = PBXBuildFile; fileRef = 19EC944D27C0DE590001D620 /* LaunchScreen.storyboard */; };
		19EC945A27C0DE590001D620 /* AppTests.swift in Sources */ = {isa = PBXBuildFile; fileRef = 19EC945927C0DE590001D620 /* AppTests.swift */; };
		19EC946427C0DE590001D620 /* AppUITests.swift in Sources */ = {isa = PBXBuildFile; fileRef = 19EC946327C0DE590001D620 /* AppUITests.swift */; };
		19EC946627C0DE590001D620 /* AppUITestsLaunchTests.swift in Sources */ = {isa = PBXBuildFile; fileRef = 19EC946527C0DE590001D620 /* AppUITestsLaunchTests.swift */; };
/* End PBXBuildFile section */

/* Begin PBXContainerItemProxy section */
		192D02AA27C0E12B0072C2C8 /* PBXContainerItemProxy */ = {
			isa = PBXContainerItemProxy;
			containerPortal = 192D02A627C0E12B0072C2C8 /* PipeWrench.xcodeproj */;
			proxyType = 2;
			remoteGlobalIDString = 192D029C27C0E12B0072C2C8;
			remoteInfo = PipeWrench;
		};
		19EC945627C0DE590001D620 /* PBXContainerItemProxy */ = {
			isa = PBXContainerItemProxy;
			containerPortal = 19EC943727C0DE580001D620 /* Project object */;
			proxyType = 1;
			remoteGlobalIDString = 19EC943E27C0DE580001D620;
			remoteInfo = App;
		};
		19EC946027C0DE590001D620 /* PBXContainerItemProxy */ = {
			isa = PBXContainerItemProxy;
			containerPortal = 19EC943727C0DE580001D620 /* Project object */;
			proxyType = 1;
			remoteGlobalIDString = 19EC943E27C0DE580001D620;
			remoteInfo = App;
		};
/* End PBXContainerItemProxy section */

/* Begin PBXFileReference section */
		192D02A627C0E12B0072C2C8 /* PipeWrench.xcodeproj */ = {isa = PBXFileReference; lastKnownFileType = "wrapper.pb-project"; name = PipeWrench.xcodeproj; path = PipeWrench/PipeWrench.xcodeproj; sourceTree = "<group>"; };
		19EC943F27C0DE580001D620 /* App.app */ = {isa = PBXFileReference; explicitFileType = wrapper.application; includeInIndex = 0; path = App.app; sourceTree = BUILT_PRODUCTS_DIR; };
		19EC944227C0DE580001D620 /* AppDelegate.swift */ = {isa = PBXFileReference; lastKnownFileType = sourcecode.swift; path = AppDelegate.swift; sourceTree = "<group>"; };
		19EC944927C0DE580001D620 /* Base */ = {isa = PBXFileReference; lastKnownFileType = file.storyboard; name = Base; path = Base.lproj/Main.storyboard; sourceTree = "<group>"; };
		19EC944B27C0DE590001D620 /* Assets.xcassets */ = {isa = PBXFileReference; lastKnownFileType = folder.assetcatalog; path = Assets.xcassets; sourceTree = "<group>"; };
		19EC944E27C0DE590001D620 /* Base */ = {isa = PBXFileReference; lastKnownFileType = file.storyboard; name = Base; path = Base.lproj/LaunchScreen.storyboard; sourceTree = "<group>"; };
		19EC945027C0DE590001D620 /* Info.plist */ = {isa = PBXFileReference; lastKnownFileType = text.plist.xml; path = Info.plist; sourceTree = "<group>"; };
		19EC945527C0DE590001D620 /* AppTests.xctest */ = {isa = PBXFileReference; explicitFileType = wrapper.cfbundle; includeInIndex = 0; path = AppTests.xctest; sourceTree = BUILT_PRODUCTS_DIR; };
		19EC945927C0DE590001D620 /* AppTests.swift */ = {isa = PBXFileReference; lastKnownFileType = sourcecode.swift; path = AppTests.swift; sourceTree = "<group>"; };
		19EC945F27C0DE590001D620 /* AppUITests.xctest */ = {isa = PBXFileReference; explicitFileType = wrapper.cfbundle; includeInIndex = 0; path = AppUITests.xctest; sourceTree = BUILT_PRODUCTS_DIR; };
		19EC946327C0DE590001D620 /* AppUITests.swift */ = {isa = PBXFileReference; lastKnownFileType = sourcecode.swift; path = AppUITests.swift; sourceTree = "<group>"; };
		19EC946527C0DE590001D620 /* AppUITestsLaunchTests.swift */ = {isa = PBXFileReference; lastKnownFileType = sourcecode.swift; path = AppUITestsLaunchTests.swift; sourceTree = "<group>"; };
/* End PBXFileReference section */

/* Begin PBXFrameworksBuildPhase section */
		19EC943C27C0DE580001D620 /* Frameworks */ = {
			isa = PBXFrameworksBuildPhase;
			buildActionMask = 2147483647;
			files = (
			);
			runOnlyForDeploymentPostprocessing = 0;
		};
		19EC945227C0DE590001D620 /* Frameworks */ = {
			isa = PBXFrameworksBuildPhase;
			buildActionMask = 2147483647;
			files = (
				192D02B327C0E18C0072C2C8 /* libPipeWrench.a in Frameworks */,
			);
			runOnlyForDeploymentPostprocessing = 0;
		};
		19EC945C27C0DE590001D620 /* Frameworks */ = {
			isa = PBXFrameworksBuildPhase;
			buildActionMask = 2147483647;
			files = (
				192D02B427C0E1900072C2C8 /* libPipeWrench.a in Frameworks */,
			);
			runOnlyForDeploymentPostprocessing = 0;
		};
/* End PBXFrameworksBuildPhase section */

/* Begin PBXGroup section */
		192D02A727C0E12B0072C2C8 /* Products */ = {
			isa = PBXGroup;
			children = (
				192D02AB27C0E12B0072C2C8 /* libPipeWrench.a */,
			);
			name = Products;
			sourceTree = "<group>";
		};
		19EC943627C0DE580001D620 = {
			isa = PBXGroup;
			children = (
				192D02A627C0E12B0072C2C8 /* PipeWrench.xcodeproj */,
				19EC944127C0DE580001D620 /* App */,
				19EC945827C0DE590001D620 /* AppTests */,
				19EC946227C0DE590001D620 /* AppUITests */,
				19EC944027C0DE580001D620 /* Products */,
				19EC94A527C0DF310001D620 /* Frameworks */,
			);
			sourceTree = "<group>";
		};
		19EC944027C0DE580001D620 /* Products */ = {
			isa = PBXGroup;
			children = (
				19EC943F27C0DE580001D620 /* App.app */,
				19EC945527C0DE590001D620 /* AppTests.xctest */,
				19EC945F27C0DE590001D620 /* AppUITests.xctest */,
			);
			name = Products;
			sourceTree = "<group>";
		};
		19EC944127C0DE580001D620 /* App */ = {
			isa = PBXGroup;
			children = (
				19EC944227C0DE580001D620 /* AppDelegate.swift */,
				19EC944827C0DE580001D620 /* Main.storyboard */,
				19EC944B27C0DE590001D620 /* Assets.xcassets */,
				19EC944D27C0DE590001D620 /* LaunchScreen.storyboard */,
				19EC945027C0DE590001D620 /* Info.plist */,
			);
			path = App;
			sourceTree = "<group>";
		};
		19EC945827C0DE590001D620 /* AppTests */ = {
			isa = PBXGroup;
			children = (
				19EC945927C0DE590001D620 /* AppTests.swift */,
			);
			path = AppTests;
			sourceTree = "<group>";
		};
		19EC946227C0DE590001D620 /* AppUITests */ = {
			isa = PBXGroup;
			children = (
				19EC946327C0DE590001D620 /* AppUITests.swift */,
				19EC946527C0DE590001D620 /* AppUITestsLaunchTests.swift */,
			);
			path = AppUITests;
			sourceTree = "<group>";
		};
		19EC94A527C0DF310001D620 /* Frameworks */ = {
			isa = PBXGroup;
			children = (
			);
			name = Frameworks;
			sourceTree = "<group>";
		};
/* End PBXGroup section */

/* Begin PBXNativeTarget section */
		19EC943E27C0DE580001D620 /* App */ = {
			isa = PBXNativeTarget;
			buildConfigurationList = 19EC946927C0DE590001D620 /* Build configuration list for PBXNativeTarget "App" */;
			buildPhases = (
				19EC943B27C0DE580001D620 /* Sources */,
				19EC943C27C0DE580001D620 /* Frameworks */,
				19EC943D27C0DE580001D620 /* Resources */,
			);
			buildRules = (
			);
			dependencies = (
			);
			name = App;
			productName = App;
			productReference = 19EC943F27C0DE580001D620 /* App.app */;
			productType = "com.apple.product-type.application";
		};
		19EC945427C0DE590001D620 /* AppTests */ = {
			isa = PBXNativeTarget;
			buildConfigurationList = 19EC946C27C0DE590001D620 /* Build configuration list for PBXNativeTarget "AppTests" */;
			buildPhases = (
				19EC945127C0DE590001D620 /* Sources */,
				19EC945227C0DE590001D620 /* Frameworks */,
				19EC945327C0DE590001D620 /* Resources */,
			);
			buildRules = (
			);
			dependencies = (
				19EC945727C0DE590001D620 /* PBXTargetDependency */,
			);
			name = AppTests;
			productName = AppTests;
			productReference = 19EC945527C0DE590001D620 /* AppTests.xctest */;
			productType = "com.apple.product-type.bundle.unit-test";
		};
		19EC945E27C0DE590001D620 /* AppUITests */ = {
			isa = PBXNativeTarget;
			buildConfigurationList = 19EC946F27C0DE590001D620 /* Build configuration list for PBXNativeTarget "AppUITests" */;
			buildPhases = (
				19EC945B27C0DE590001D620 /* Sources */,
				19EC945C27C0DE590001D620 /* Frameworks */,
				19EC945D27C0DE590001D620 /* Resources */,
			);
			buildRules = (
			);
			dependencies = (
				19EC946127C0DE590001D620 /* PBXTargetDependency */,
			);
			name = AppUITests;
			productName = AppUITests;
			productReference = 19EC945F27C0DE590001D620 /* AppUITests.xctest */;
			productType = "com.apple.product-type.bundle.ui-testing";
		};
/* End PBXNativeTarget section */

/* Begin PBXProject section */
		19EC943727C0DE580001D620 /* Project object */ = {
			isa = PBXProject;
			attributes = {
				BuildIndependentTargetsInParallel = 1;
				LastSwiftUpdateCheck = 1320;
				LastUpgradeCheck = 1320;
				TargetAttributes = {
					19EC943E27C0DE580001D620 = {
						CreatedOnToolsVersion = 13.2.1;
					};
					19EC945427C0DE590001D620 = {
						CreatedOnToolsVersion = 13.2.1;
						TestTargetID = 19EC943E27C0DE580001D620;
					};
					19EC945E27C0DE590001D620 = {
						CreatedOnToolsVersion = 13.2.1;
						TestTargetID = 19EC943E27C0DE580001D620;
					};
				};
			};
			buildConfigurationList = 19EC943A27C0DE580001D620 /* Build configuration list for PBXProject "App" */;
			compatibilityVersion = "Xcode 13.0";
			developmentRegion = en;
			hasScannedForEncodings = 0;
			knownRegions = (
				en,
				Base,
			);
			mainGroup = 19EC943627C0DE580001D620;
			productRefGroup = 19EC944027C0DE580001D620 /* Products */;
			projectDirPath = "";
			projectReferences = (
				{
					ProductGroup = 192D02A727C0E12B0072C2C8 /* Products */;
					ProjectRef = 192D02A627C0E12B0072C2C8 /* PipeWrench.xcodeproj */;
				},
			);
			projectRoot = "";
			targets = (
				19EC943E27C0DE580001D620 /* App */,
				19EC945427C0DE590001D620 /* AppTests */,
				19EC945E27C0DE590001D620 /* AppUITests */,
			);
		};
/* End PBXProject section */

/* Begin PBXReferenceProxy section */
		192D02AB27C0E12B0072C2C8 /* libPipeWrench.a */ = {
			isa = PBXReferenceProxy;
			fileType = archive.ar;
			path = libPipeWrench.a;
			remoteRef = 192D02AA27C0E12B0072C2C8 /* PBXContainerItemProxy */;
			sourceTree = BUILT_PRODUCTS_DIR;
		};
/* End PBXReferenceProxy section */

/* Begin PBXResourcesBuildPhase section */
		19EC943D27C0DE580001D620 /* Resources */ = {
			isa = PBXResourcesBuildPhase;
			buildActionMask = 2147483647;
			files = (
				19EC944F27C0DE590001D620 /* LaunchScreen.storyboard in Resources */,
				19EC944C27C0DE590001D620 /* Assets.xcassets in Resources */,
				19EC944A27C0DE580001D620 /* Main.storyboard in Resources */,
			);
			runOnlyForDeploymentPostprocessing = 0;
		};
		19EC945327C0DE590001D620 /* Resources */ = {
			isa = PBXResourcesBuildPhase;
			buildActionMask = 2147483647;
			files = (
			);
			runOnlyForDeploymentPostprocessing = 0;
		};
		19EC945D27C0DE590001D620 /* Resources */ = {
			isa = PBXResourcesBuildPhase;
			buildActionMask = 2147483647;
			files = (
			);
			runOnlyForDeploymentPostprocessing = 0;
		};
/* End PBXResourcesBuildPhase section */

/* Begin PBXSourcesBuildPhase section */
		19EC943B27C0DE580001D620 /* Sources */ = {
			isa = PBXSourcesBuildPhase;
			buildActionMask = 2147483647;
			files = (
				19EC944327C0DE580001D620 /* AppDelegate.swift in Sources */,
			);
			runOnlyForDeploymentPostprocessing = 0;
		};
		19EC945127C0DE590001D620 /* Sources */ = {
			isa = PBXSourcesBuildPhase;
			buildActionMask = 2147483647;
			files = (
				19EC945A27C0DE590001D620 /* AppTests.swift in Sources */,
			);
			runOnlyForDeploymentPostprocessing = 0;
		};
		19EC945B27C0DE590001D620 /* Sources */ = {
			isa = PBXSourcesBuildPhase;
			buildActionMask = 2147483647;
			files = (
				19EC946627C0DE590001D620 /* AppUITestsLaunchTests.swift in Sources */,
				19EC946427C0DE590001D620 /* AppUITests.swift in Sources */,
			);
			runOnlyForDeploymentPostprocessing = 0;
		};
/* End PBXSourcesBuildPhase section */

/* Begin PBXTargetDependency section */
		19EC945727C0DE590001D620 /* PBXTargetDependency */ = {
			isa = PBXTargetDependency;
			target = 19EC943E27C0DE580001D620 /* App */;
			targetProxy = 19EC945627C0DE590001D620 /* PBXContainerItemProxy */;
		};
		19EC946127C0DE590001D620 /* PBXTargetDependency */ = {
			isa = PBXTargetDependency;
			target = 19EC943E27C0DE580001D620 /* App */;
			targetProxy = 19EC946027C0DE590001D620 /* PBXContainerItemProxy */;
		};
/* End PBXTargetDependency section */

/* Begin PBXVariantGroup section */
		19EC944827C0DE580001D620 /* Main.storyboard */ = {
			isa = PBXVariantGroup;
			children = (
				19EC944927C0DE580001D620 /* Base */,
			);
			name = Main.storyboard;
			sourceTree = "<group>";
		};
		19EC944D27C0DE590001D620 /* LaunchScreen.storyboard */ = {
			isa = PBXVariantGroup;
			children = (
				19EC944E27C0DE590001D620 /* Base */,
			);
			name = LaunchScreen.storyboard;
			sourceTree = "<group>";
		};
/* End PBXVariantGroup section */

/* Begin XCBuildConfiguration section */
		19EC946727C0DE590001D620 /* Debug */ = {
			isa = XCBuildConfiguration;
			buildSettings = {
				ALWAYS_SEARCH_USER_PATHS = NO;
				CLANG_ANALYZER_NONNULL = YES;
				CLANG_ANALYZER_NUMBER_OBJECT_CONVERSION = YES_AGGRESSIVE;
				CLANG_CXX_LANGUAGE_STANDARD = "gnu++17";
				CLANG_CXX_LIBRARY = "libc++";
				CLANG_ENABLE_MODULES = YES;
				CLANG_ENABLE_OBJC_ARC = YES;
				CLANG_ENABLE_OBJC_WEAK = YES;
				CLANG_WARN_BLOCK_CAPTURE_AUTORELEASING = YES;
				CLANG_WARN_BOOL_CONVERSION = YES;
				CLANG_WARN_COMMA = YES;
				CLANG_WARN_CONSTANT_CONVERSION = YES;
				CLANG_WARN_DEPRECATED_OBJC_IMPLEMENTATIONS = YES;
				CLANG_WARN_DIRECT_OBJC_ISA_USAGE = YES_ERROR;
				CLANG_WARN_DOCUMENTATION_COMMENTS = YES;
				CLANG_WARN_EMPTY_BODY = YES;
				CLANG_WARN_ENUM_CONVERSION = YES;
				CLANG_WARN_INFINITE_RECURSION = YES;
				CLANG_WARN_INT_CONVERSION = YES;
				CLANG_WARN_NON_LITERAL_NULL_CONVERSION = YES;
				CLANG_WARN_OBJC_IMPLICIT_RETAIN_SELF = YES;
				CLANG_WARN_OBJC_LITERAL_CONVERSION = YES;
				CLANG_WARN_OBJC_ROOT_CLASS = YES_ERROR;
				CLANG_WARN_QUOTED_INCLUDE_IN_FRAMEWORK_HEADER = YES;
				CLANG_WARN_RANGE_LOOP_ANALYSIS = YES;
				CLANG_WARN_STRICT_PROTOTYPES = YES;
				CLANG_WARN_SUSPICIOUS_MOVE = YES;
				CLANG_WARN_UNGUARDED_AVAILABILITY = YES_AGGRESSIVE;
				CLANG_WARN_UNREACHABLE_CODE = YES;
				CLANG_WARN__DUPLICATE_METHOD_MATCH = YES;
				COPY_PHASE_STRIP = NO;
				DEBUG_INFORMATION_FORMAT = dwarf;
				ENABLE_STRICT_OBJC_MSGSEND = YES;
				ENABLE_TESTABILITY = YES;
				GCC_C_LANGUAGE_STANDARD = gnu11;
				GCC_DYNAMIC_NO_PIC = NO;
				GCC_NO_COMMON_BLOCKS = YES;
				GCC_OPTIMIZATION_LEVEL = 0;
				GCC_PREPROCESSOR_DEFINITIONS = (
					"DEBUG=1",
					"$(inherited)",
				);
				GCC_WARN_64_TO_32_BIT_CONVERSION = YES;
				GCC_WARN_ABOUT_RETURN_TYPE = YES_ERROR;
				GCC_WARN_UNDECLARED_SELECTOR = YES;
				GCC_WARN_UNINITIALIZED_AUTOS = YES_AGGRESSIVE;
				GCC_WARN_UNUSED_FUNCTION = YES;
				GCC_WARN_UNUSED_VARIABLE = YES;
				IPHONEOS_DEPLOYMENT_TARGET = 15.2;
				MTL_ENABLE_DEBUG_INFO = INCLUDE_SOURCE;
				MTL_FAST_MATH = YES;
				ONLY_ACTIVE_ARCH = YES;
				SDKROOT = iphoneos;
				SWIFT_ACTIVE_COMPILATION_CONDITIONS = DEBUG;
				SWIFT_OPTIMIZATION_LEVEL = "-Onone";
			};
			name = Debug;
		};
		19EC946827C0DE590001D620 /* Release */ = {
			isa = XCBuildConfiguration;
			buildSettings = {
				ALWAYS_SEARCH_USER_PATHS = NO;
				CLANG_ANALYZER_NONNULL = YES;
				CLANG_ANALYZER_NUMBER_OBJECT_CONVERSION = YES_AGGRESSIVE;
				CLANG_CXX_LANGUAGE_STANDARD = "gnu++17";
				CLANG_CXX_LIBRARY = "libc++";
				CLANG_ENABLE_MODULES = YES;
				CLANG_ENABLE_OBJC_ARC = YES;
				CLANG_ENABLE_OBJC_WEAK = YES;
				CLANG_WARN_BLOCK_CAPTURE_AUTORELEASING = YES;
				CLANG_WARN_BOOL_CONVERSION = YES;
				CLANG_WARN_COMMA = YES;
				CLANG_WARN_CONSTANT_CONVERSION = YES;
				CLANG_WARN_DEPRECATED_OBJC_IMPLEMENTATIONS = YES;
				CLANG_WARN_DIRECT_OBJC_ISA_USAGE = YES_ERROR;
				CLANG_WARN_DOCUMENTATION_COMMENTS = YES;
				CLANG_WARN_EMPTY_BODY = YES;
				CLANG_WARN_ENUM_CONVERSION = YES;
				CLANG_WARN_INFINITE_RECURSION = YES;
				CLANG_WARN_INT_CONVERSION = YES;
				CLANG_WARN_NON_LITERAL_NULL_CONVERSION = YES;
				CLANG_WARN_OBJC_IMPLICIT_RETAIN_SELF = YES;
				CLANG_WARN_OBJC_LITERAL_CONVERSION = YES;
				CLANG_WARN_OBJC_ROOT_CLASS = YES_ERROR;
				CLANG_WARN_QUOTED_INCLUDE_IN_FRAMEWORK_HEADER = YES;
				CLANG_WARN_RANGE_LOOP_ANALYSIS = YES;
				CLANG_WARN_STRICT_PROTOTYPES = YES;
				CLANG_WARN_SUSPICIOUS_MOVE = YES;
				CLANG_WARN_UNGUARDED_AVAILABILITY = YES_AGGRESSIVE;
				CLANG_WARN_UNREACHABLE_CODE = YES;
				CLANG_WARN__DUPLICATE_METHOD_MATCH = YES;
				COPY_PHASE_STRIP = NO;
				DEBUG_INFORMATION_FORMAT = "dwarf-with-dsym";
				ENABLE_NS_ASSERTIONS = NO;
				ENABLE_STRICT_OBJC_MSGSEND = YES;
				GCC_C_LANGUAGE_STANDARD = gnu11;
				GCC_NO_COMMON_BLOCKS = YES;
				GCC_WARN_64_TO_32_BIT_CONVERSION = YES;
				GCC_WARN_ABOUT_RETURN_TYPE = YES_ERROR;
				GCC_WARN_UNDECLARED_SELECTOR = YES;
				GCC_WARN_UNINITIALIZED_AUTOS = YES_AGGRESSIVE;
				GCC_WARN_UNUSED_FUNCTION = YES;
				GCC_WARN_UNUSED_VARIABLE = YES;
				IPHONEOS_DEPLOYMENT_TARGET = 15.2;
				MTL_ENABLE_DEBUG_INFO = NO;
				MTL_FAST_MATH = YES;
				SDKROOT = iphoneos;
				SWIFT_COMPILATION_MODE = wholemodule;
				SWIFT_OPTIMIZATION_LEVEL = "-O";
				VALIDATE_PRODUCT = YES;
			};
			name = Release;
		};
		19EC946A27C0DE590001D620 /* Debug */ = {
			isa = XCBuildConfiguration;
			buildSettings = {
				ASSETCATALOG_COMPILER_APPICON_NAME = AppIcon;
				ASSETCATALOG_COMPILER_GLOBAL_ACCENT_COLOR_NAME = AccentColor;
				CODE_SIGN_STYLE = Automatic;
				CURRENT_PROJECT_VERSION = 1;
				GENERATE_INFOPLIST_FILE = YES;
				INFOPLIST_FILE = App/Info.plist;
				INFOPLIST_KEY_UIApplicationSupportsIndirectInputEvents = YES;
				INFOPLIST_KEY_UILaunchStoryboardName = LaunchScreen;
				INFOPLIST_KEY_UIMainStoryboardFile = Main;
				INFOPLIST_KEY_UISupportedInterfaceOrientations_iPad = "UIInterfaceOrientationPortrait UIInterfaceOrientationPortraitUpsideDown UIInterfaceOrientationLandscapeLeft UIInterfaceOrientationLandscapeRight";
				INFOPLIST_KEY_UISupportedInterfaceOrientations_iPhone = "UIInterfaceOrientationPortrait UIInterfaceOrientationLandscapeLeft UIInterfaceOrientationLandscapeRight";
				LD_RUNPATH_SEARCH_PATHS = (
					"$(inherited)",
					"@executable_path/Frameworks",
				);
				MARKETING_VERSION = 1.0;
				PRODUCT_BUNDLE_IDENTIFIER = net.thisismyinter.App;
				PRODUCT_NAME = "$(TARGET_NAME)";
				SWIFT_EMIT_LOC_STRINGS = YES;
				SWIFT_VERSION = 5.0;
				TARGETED_DEVICE_FAMILY = "1,2";
			};
			name = Debug;
		};
		19EC946B27C0DE590001D620 /* Release */ = {
			isa = XCBuildConfiguration;
			buildSettings = {
				ASSETCATALOG_COMPILER_APPICON_NAME = AppIcon;
				ASSETCATALOG_COMPILER_GLOBAL_ACCENT_COLOR_NAME = AccentColor;
				CODE_SIGN_STYLE = Automatic;
				CURRENT_PROJECT_VERSION = 1;
				GENERATE_INFOPLIST_FILE = YES;
				INFOPLIST_FILE = App/Info.plist;
				INFOPLIST_KEY_UIApplicationSupportsIndirectInputEvents = YES;
				INFOPLIST_KEY_UILaunchStoryboardName = LaunchScreen;
				INFOPLIST_KEY_UIMainStoryboardFile = Main;
				INFOPLIST_KEY_UISupportedInterfaceOrientations_iPad = "UIInterfaceOrientationPortrait UIInterfaceOrientationPortraitUpsideDown UIInterfaceOrientationLandscapeLeft UIInterfaceOrientationLandscapeRight";
				INFOPLIST_KEY_UISupportedInterfaceOrientations_iPhone = "UIInterfaceOrientationPortrait UIInterfaceOrientationLandscapeLeft UIInterfaceOrientationLandscapeRight";
				LD_RUNPATH_SEARCH_PATHS = (
					"$(inherited)",
					"@executable_path/Frameworks",
				);
				MARKETING_VERSION = 1.0;
				PRODUCT_BUNDLE_IDENTIFIER = net.thisismyinter.App;
				PRODUCT_NAME = "$(TARGET_NAME)";
				SWIFT_EMIT_LOC_STRINGS = YES;
				SWIFT_VERSION = 5.0;
				TARGETED_DEVICE_FAMILY = "1,2";
			};
			name = Release;
		};
		19EC946D27C0DE590001D620 /* Debug */ = {
			isa = XCBuildConfiguration;
			buildSettings = {
				ALWAYS_EMBED_SWIFT_STANDARD_LIBRARIES = YES;
				BUNDLE_LOADER = "$(TEST_HOST)";
				CODE_SIGN_STYLE = Automatic;
				CURRENT_PROJECT_VERSION = 1;
				GENERATE_INFOPLIST_FILE = YES;
				IPHONEOS_DEPLOYMENT_TARGET = 15.2;
				MARKETING_VERSION = 1.0;
				PRODUCT_BUNDLE_IDENTIFIER = net.thisismyinter.AppTests;
				PRODUCT_NAME = "$(TARGET_NAME)";
				SWIFT_EMIT_LOC_STRINGS = NO;
				SWIFT_VERSION = 5.0;
				TARGETED_DEVICE_FAMILY = "1,2";
				TEST_HOST = "$(BUILT_PRODUCTS_DIR)/App.app/App";
			};
			name = Debug;
		};
		19EC946E27C0DE590001D620 /* Release */ = {
			isa = XCBuildConfiguration;
			buildSettings = {
				ALWAYS_EMBED_SWIFT_STANDARD_LIBRARIES = YES;
				BUNDLE_LOADER = "$(TEST_HOST)";
				CODE_SIGN_STYLE = Automatic;
				CURRENT_PROJECT_VERSION = 1;
				GENERATE_INFOPLIST_FILE = YES;
				IPHONEOS_DEPLOYMENT_TARGET = 15.2;
				MARKETING_VERSION = 1.0;
				PRODUCT_BUNDLE_IDENTIFIER = net.thisismyinter.AppTests;
				PRODUCT_NAME = "$(TARGET_NAME)";
				SWIFT_EMIT_LOC_STRINGS = NO;
				SWIFT_VERSION = 5.0;
				TARGETED_DEVICE_FAMILY = "1,2";
				TEST_HOST = "$(BUILT_PRODUCTS_DIR)/App.app/App";
			};
			name = Release;
		};
		19EC947027C0DE590001D620 /* Debug */ = {
			isa = XCBuildConfiguration;
			buildSettings = {
				ALWAYS_EMBED_SWIFT_STANDARD_LIBRARIES = YES;
				CODE_SIGN_STYLE = Automatic;
				CURRENT_PROJECT_VERSION = 1;
				GENERATE_INFOPLIST_FILE = YES;
				MARKETING_VERSION = 1.0;
				PRODUCT_BUNDLE_IDENTIFIER = net.thisismyinter.AppUITests;
				PRODUCT_NAME = "$(TARGET_NAME)";
				SWIFT_EMIT_LOC_STRINGS = NO;
				SWIFT_VERSION = 5.0;
				TARGETED_DEVICE_FAMILY = "1,2";
				TEST_TARGET_NAME = App;
			};
			name = Debug;
		};
		19EC947127C0DE590001D620 /* Release */ = {
			isa = XCBuildConfiguration;
			buildSettings = {
				ALWAYS_EMBED_SWIFT_STANDARD_LIBRARIES = YES;
				CODE_SIGN_STYLE = Automatic;
				CURRENT_PROJECT_VERSION = 1;
				GENERATE_INFOPLIST_FILE = YES;
				MARKETING_VERSION = 1.0;
				PRODUCT_BUNDLE_IDENTIFIER = net.thisismyinter.AppUITests;
				PRODUCT_NAME = "$(TARGET_NAME)";
				SWIFT_EMIT_LOC_STRINGS = NO;
				SWIFT_VERSION = 5.0;
				TARGETED_DEVICE_FAMILY = "1,2";
				TEST_TARGET_NAME = App;
			};
			name = Release;
		};
/* End XCBuildConfiguration section */

/* Begin XCConfigurationList section */
		19EC943A27C0DE580001D620 /* Build configuration list for PBXProject "App" */ = {
			isa = XCConfigurationList;
			buildConfigurations = (
				19EC946727C0DE590001D620 /* Debug */,
				19EC946827C0DE590001D620 /* Release */,
			);
			defaultConfigurationIsVisible = 0;
			defaultConfigurationName = Release;
		};
		19EC946927C0DE590001D620 /* Build configuration list for PBXNativeTarget "App" */ = {
			isa = XCConfigurationList;
			buildConfigurations = (
				19EC946A27C0DE590001D620 /* Debug */,
				19EC946B27C0DE590001D620 /* Release */,
			);
			defaultConfigurationIsVisible = 0;
			defaultConfigurationName = Release;
		};
		19EC946C27C0DE590001D620 /* Build configuration list for PBXNativeTarget "AppTests" */ = {
			isa = XCConfigurationList;
			buildConfigurations = (
				19EC946D27C0DE590001D620 /* Debug */,
				19EC946E27C0DE590001D620 /* Release */,
			);
			defaultConfigurationIsVisible = 0;
			defaultConfigurationName = Release;
		};
		19EC946F27C0DE590001D620 /* Build configuration list for PBXNativeTarget "AppUITests" */ = {
			isa = XCConfigurationList;
			buildConfigurations = (
				19EC947027C0DE590001D620 /* Debug */,
				19EC947127C0DE590001D620 /* Release */,
			);
			defaultConfigurationIsVisible = 0;
			defaultConfigurationName = Release;
		};
/* End XCConfigurationList section */
	};
	rootObject = 19EC943727C0DE580001D620 /* Project object */;
}
